{
  "csv-mode": {
    "archive": {
      "narHash": "sha256-bdFXCPxe/gK4gFJebOryzItraaPXoAjW3GRl28m+Y1U=",
      "type": "tarball",
      "url": "https://elpa.gnu.org/devel/csv-mode-1.27.0.20260505.161621.tar.lz"
    },
    "inventory": {
      "type": "archive",
      "url": "https://elpa.gnu.org/devel/"
    },
    "packageRequires": {
      "cl-lib": "0.5",
      "emacs": "27.1"
    },
    "version": "1.27.0.20260505.161621"
  }
}
